
Microsoft Visual Studio Solution File, Format Version 12.00
# Visual Studio Version 16
VisualStudioVersion = 16.0.29306.81
MinimumVisualStudioVersion = 10.0.40219.1
Project("{FAE04EC0-301F-11D3-BF4B-00C04F79EFBC}") = "todoList.Android", "todoList\todoList.Android\todoList.Android.csproj", "{88554639-A541-4313-B27E-37FBFE50BC04}"
EndProject
Project("{FAE04EC0-301F-11D3-BF4B-00C04F79EFBC}") = "todoList.iOS", "todoList\todoList.iOS\todoList.iOS.csproj", "{296EF46C-28C8-4A1B-9B5F-6AD93E39FBFF}"
EndProject
Project("{FAE04EC0-301F-11D3-BF4B-00C04F79EFBC}") = "todoList", "todoList\todoList\todoList.csproj", "{9E758E1B-4489-4C2E-A215-ECD133D3810A}"
EndProject
Global
	GlobalSection(SolutionConfigurationPlatforms) = preSolution
		Debug|Any CPU = Debug|Any CPU
		Debug|iPhone = Debug|iPhone
		Debug|iPhoneSimulator = Debug|iPhoneSimulator
		Release|Any CPU = Release|Any CPU
		Release|iPhone = Release|iPhone
		Release|iPhoneSimulator = Release|iPhoneSimulator
	EndGlobalSection
	GlobalSection(ProjectConfigurationPlatforms) = postSolution
		{88554639-A541-4313-B27E-37FBFE50BC04}.Debug|Any CPU.ActiveCfg = Debug|Any CPU
		{88554639-A541-4313-B27E-37FBFE50BC04}.Debug|Any CPU.Build.0 = Debug|Any CPU
		{88554639-A541-4313-B27E-37FBFE50BC04}.Debug|Any CPU.Deploy.0 = Debug|Any CPU
		{88554639-A541-4313-B27E-37FBFE50BC04}.Debug|iPhone.ActiveCfg = Debug|Any CPU
		{88554639-A541-4313-B27E-37FBFE50BC04}.Debug|iPhone.Build.0 = Debug|Any CPU
		{88554639-A541-4313-B27E-37FBFE50BC04}.Debug|iPhone.Deploy.0 = Debug|Any CPU
		{88554639-A541-4313-B27E-37FBFE50BC04}.Debug|iPhoneSimulator.ActiveCfg = Debug|Any CPU
		{88554639-A541-4313-B27E-37FBFE50BC04}.Debug|iPhoneSimulator.Build.0 = Debug|Any CPU
		{88554639-A541-4313-B27E-37FBFE50BC04}.Debug|iPhoneSimulator.Deploy.0 = Debug|Any CPU
		{88554639-A541-4313-B27E-37FBFE50BC04}.Release|Any CPU.ActiveCfg = Release|Any CPU
		{88554639-A541-4313-B27E-37FBFE50BC04}.Release|Any CPU.Build.0 = Release|Any CPU
		{88554639-A541-4313-B27E-37FBFE50BC04}.Release|Any CPU.Deploy.0 = Release|Any CPU
		{88554639-A541-4313-B27E-37FBFE50BC04}.Release|iPhone.ActiveCfg = Release|Any CPU
		{88554639-A541-4313-B27E-37FBFE50BC04}.Release|iPhone.Build.0 = Release|Any CPU
		{88554639-A541-4313-B27E-37FBFE50BC04}.Release|iPhone.Deploy.0 = Release|Any CPU
		{88554639-A541-4313-B27E-37FBFE50BC04}.Release|iPhoneSimulator.ActiveCfg = Release|Any CPU
		{88554639-A541-4313-B27E-37FBFE50BC04}.Release|iPhoneSimulator.Build.0 = Release|Any CPU
		{88554639-A541-4313-B27E-37FBFE50BC04}.Release|iPhoneSimulator.Deploy.0 = Release|Any CPU
		{296EF46C-28C8-4A1B-9B5F-6AD93E39FBFF}.Debug|Any CPU.ActiveCfg = Debug|iPhoneSimulator
		{296EF46C-28C8-4A1B-9B5F-6AD93E39FBFF}.Debug|Any CPU.Build.0 = Debug|iPhoneSimulator
		{296EF46C-28C8-4A1B-9B5F-6AD93E39FBFF}.Debug|Any CPU.Deploy.0 = Debug|iPhoneSimulator
		{296EF46C-28C8-4A1B-9B5F-6AD93E39FBFF}.Debug|iPhone.ActiveCfg = Debug|iPhone
		{296EF46C-28C8-4A1B-9B5F-6AD93E39FBFF}.Debug|iPhone.Build.0 = Debug|iPhone
		{296EF46C-28C8-4A1B-9B5F-6AD93E39FBFF}.Debug|iPhone.Deploy.0 = Debug|iPhone
		{296EF46C-28C8-4A1B-9B5F-6AD93E39FBFF}.Debug|iPhoneSimulator.ActiveCfg = Debug|iPhoneSimulator
		{296EF46C-28C8-4A1B-9B5F-6AD93E39FBFF}.Debug|iPhoneSimulator.Build.0 = Debug|iPhoneSimulator
		{296EF46C-28C8-4A1B-9B5F-6AD93E39FBFF}.Debug|iPhoneSimulator.Deploy.0 = Debug|iPhoneSimulator
		{296EF46C-28C8-4A1B-9B5F-6AD93E39FBFF}.Release|Any CPU.ActiveCfg = Release|iPhone
		{296EF46C-28C8-4A1B-9B5F-6AD93E39FBFF}.Release|Any CPU.Build.0 = Release|iPhone
		{296EF46C-28C8-4A1B-9B5F-6AD93E39FBFF}.Release|Any CPU.Deploy.0 = Release|iPhone
		{296EF46C-28C8-4A1B-9B5F-6AD93E39FBFF}.Release|iPhone.ActiveCfg = Release|iPhone
		{296EF46C-28C8-4A1B-9B5F-6AD93E39FBFF}.Release|iPhone.Build.0 = Release|iPhone
		{296EF46C-28C8-4A1B-9B5F-6AD93E39FBFF}.Release|iPhone.Deploy.0 = Release|iPhone
		{296EF46C-28C8-4A1B-9B5F-6AD93E39FBFF}.Release|iPhoneSimulator.ActiveCfg = Release|iPhoneSimulator
		{296EF46C-28C8-4A1B-9B5F-6AD93E39FBFF}.Release|iPhoneSimulator.Build.0 = Release|iPhoneSimulator
		{296EF46C-28C8-4A1B-9B5F-6AD93E39FBFF}.Release|iPhoneSimulator.Deploy.0 = Release|iPhoneSimulator
		{9E758E1B-4489-4C2E-A215-ECD133D3810A}.Debug|Any CPU.ActiveCfg = Debug|Any CPU
		{9E758E1B-4489-4C2E-A215-ECD133D3810A}.Debug|Any CPU.Build.0 = Debug|Any CPU
		{9E758E1B-4489-4C2E-A215-ECD133D3810A}.Debug|Any CPU.Deploy.0 = Debug|Any CPU
		{9E758E1B-4489-4C2E-A215-ECD133D3810A}.Debug|iPhone.ActiveCfg = Debug|Any CPU
		{9E758E1B-4489-4C2E-A215-ECD133D3810A}.Debug|iPhone.Build.0 = Debug|Any CPU
		{9E758E1B-4489-4C2E-A215-ECD133D3810A}.Debug|iPhone.Deploy.0 = Debug|Any CPU
		{9E758E1B-4489-4C2E-A215-ECD133D3810A}.Debug|iPhoneSimulator.ActiveCfg = Debug|Any CPU
		{9E758E1B-4489-4C2E-A215-ECD133D3810A}.Debug|iPhoneSimulator.Build.0 = Debug|Any CPU
		{9E758E1B-4489-4C2E-A215-ECD133D3810A}.Debug|iPhoneSimulator.Deploy.0 = Debug|Any CPU
		{9E758E1B-4489-4C2E-A215-ECD133D3810A}.Release|Any CPU.ActiveCfg = Release|Any CPU
		{9E758E1B-4489-4C2E-A215-ECD133D3810A}.Release|Any CPU.Build.0 = Release|Any CPU
		{9E758E1B-4489-4C2E-A215-ECD133D3810A}.Release|Any CPU.Deploy.0 = Release|Any CPU
		{9E758E1B-4489-4C2E-A215-ECD133D3810A}.Release|iPhone.ActiveCfg = Release|Any CPU
		{9E758E1B-4489-4C2E-A215-ECD133D3810A}.Release|iPhone.Build.0 = Release|Any CPU
		{9E758E1B-4489-4C2E-A215-ECD133D3810A}.Release|iPhone.Deploy.0 = Release|Any CPU
		{9E758E1B-4489-4C2E-A215-ECD133D3810A}.Release|iPhoneSimulator.ActiveCfg = Release|Any CPU
		{9E758E1B-4489-4C2E-A215-ECD133D3810A}.Release|iPhoneSimulator.Build.0 = Release|Any CPU
		{9E758E1B-4489-4C2E-A215-ECD133D3810A}.Release|iPhoneSimulator.Deploy.0 = Release|Any CPU
	EndGlobalSection
	GlobalSection(SolutionProperties) = preSolution
		HideSolutionNode = FALSE
	EndGlobalSection
	GlobalSection(ExtensibilityGlobals) = postSolution
		SolutionGuid = {C68C312E-8BD4-40D2-9B8D-3D7492A71830}
	EndGlobalSection
EndGlobal
